
Microsoft Visual Studio Solution File, Format Version 12.00
# Visual Studio 2012
Project("{FAE04EC0-301F-11D3-BF4B-00C04F79EFBC}") = "LinqExercise", "LinqExercise\LinqExercise.csproj", "{4FE906D7-823D-4262-A586-821D87BBD96B}"
EndProject
Project("{FAE04EC0-301F-11D3-BF4B-00C04F79EFBC}") = "LinqExerciseTests", "LinqExerciseTests\LinqExerciseTests.csproj", "{C53780D6-F6BE-43B4-96B8-83D65321F329}"
EndProject
Global
	GlobalSection(SolutionConfigurationPlatforms) = preSolution
		Debug|Any CPU = Debug|Any CPU
		Release|Any CPU = Release|Any CPU
	EndGlobalSection
	GlobalSection(ProjectConfigurationPlatforms) = postSolution
		{4FE906D7-823D-4262-A586-821D87BBD96B}.Debug|Any CPU.ActiveCfg = Debug|Any CPU
		{4FE906D7-823D-4262-A586-821D87BBD96B}.Debug|Any CPU.Build.0 = Debug|Any CPU
		{4FE906D7-823D-4262-A586-821D87BBD96B}.Release|Any CPU.ActiveCfg = Release|Any CPU
		{4FE906D7-823D-4262-A586-821D87BBD96B}.Release|Any CPU.Build.0 = Release|Any CPU
		{C53780D6-F6BE-43B4-96B8-83D65321F329}.Debug|Any CPU.ActiveCfg = Debug|Any CPU
		{C53780D6-F6BE-43B4-96B8-83D65321F329}.Debug|Any CPU.Build.0 = Debug|Any CPU
		{C53780D6-F6BE-43B4-96B8-83D65321F329}.Release|Any CPU.ActiveCfg = Release|Any CPU
		{C53780D6-F6BE-43B4-96B8-83D65321F329}.Release|Any CPU.Build.0 = Release|Any CPU
	EndGlobalSection
	GlobalSection(SolutionProperties) = preSolution
		HideSolutionNode = FALSE
	EndGlobalSection
EndGlobal
